
Microsoft Visual Studio Solution File, Format Version 12.00
# Visual Studio Version 16
VisualStudioVersion = 16.0.29519.181
MinimumVisualStudioVersion = 10.0.40219.1
Project("{FAE04EC0-301F-11D3-BF4B-00C04F79EFBC}") = "quizApp", "quizApp\quizApp.csproj", "{50FC3A0A-D007-4A9F-9CFD-C4537193FA87}"
EndProject
Global
	GlobalSection(SolutionConfigurationPlatforms) = preSolution
		Debug|Any CPU = Debug|Any CPU
		Release|Any CPU = Release|Any CPU
	EndGlobalSection
	GlobalSection(ProjectConfigurationPlatforms) = postSolution
		{50FC3A0A-D007-4A9F-9CFD-C4537193FA87}.Debug|Any CPU.ActiveCfg = Debug|Any CPU
		{50FC3A0A-D007-4A9F-9CFD-C4537193FA87}.Debug|Any CPU.Build.0 = Debug|Any CPU
		{50FC3A0A-D007-4A9F-9CFD-C4537193FA87}.Release|Any CPU.ActiveCfg = Release|Any CPU
		{50FC3A0A-D007-4A9F-9CFD-C4537193FA87}.Release|Any CPU.Build.0 = Release|Any CPU
	EndGlobalSection
	GlobalSection(SolutionProperties) = preSolution
		HideSolutionNode = FALSE
	EndGlobalSection
	GlobalSection(ExtensibilityGlobals) = postSolution
		SolutionGuid = {ECDEA2DB-D360-4EDF-AC58-7931B8113284}
	EndGlobalSection
EndGlobal
